{
	"name": "google-passport-example",
	"version": "0.0.1",
	"lockfileVersion": 1,
	"requires": true,
	"dependencies": {
		"abort-controller": {
			"version": "3.0.0",
			"resolved": "https://registry.npmjs.org/abort-controller/-/abort-controller-3.0.0.tgz",
			"integrity": "sha512-h8lQ8tacZYnR3vNQTgibj+tODHI5/+l06Au2Pcriv/Gmet0eaj4TwWH41sO9wnHDiQsEj19q0drzdWdeAHtweg==",
			"requires": {
				"event-target-shim": "^5.0.0"
			}
		},
		"agent-base": {
			"version": "4.3.0",
			"resolved": "https://registry.npmjs.org/agent-base/-/agent-base-4.3.0.tgz",
			"integrity": "sha512-salcGninV0nPrwpGNn4VTXBb1SOuXQBiqbrNXoeizJsHrsL6ERFM2Ne3JUSBWRE6aeNJI2ROP/WEEIDUiDe3cg==",
			"requires": {
				"es6-promisify": "^5.0.0"
			}
		},
		"async": {
			"version": "2.6.0",
			"resolved": "https://registry.npmjs.org/async/-/async-2.6.0.tgz",
			"integrity": "sha512-xAfGg1/NTLBBKlHFmnd7PlmUW9KhVQIUuSrYem9xzFUZy13ScvtyGGejaae9iAVRiRq9+Cx7DPFaAAhCpyxyPw==",
			"requires": {
				"lodash": "^4.14.0"
			}
		},
		"axios": {
			"version": "0.18.1",
			"resolved": "https://registry.npmjs.org/axios/-/axios-0.18.1.tgz",
			"integrity": "sha512-0BfJq4NSfQXd+SkFdrvFbG7addhYSBA2mQwISr46pD6E5iqkWg02RAs8vyTT/j0RTnoYmeXauBuSv1qKwR179g==",
			"requires": {
				"follow-redirects": "1.5.10",
				"is-buffer": "^2.0.2"
			}
		},
		"body-parser": {
			"version": "1.18.2",
			"requires": {
				"bytes": "3.0.0",
				"content-type": "~1.0.4",
				"debug": "2.6.9",
				"depd": "~1.1.1",
				"http-errors": "~1.6.2",
				"iconv-lite": "0.4.19",
				"on-finished": "~2.3.0",
				"qs": "6.5.1",
				"raw-body": "2.3.2",
				"type-is": "~1.6.15"
			},
			"dependencies": {
				"bytes": {
					"version": "3.0.0",
					"resolved": false
				},
				"content-type": {
					"version": "1.0.4",
					"resolved": false
				},
				"debug": {
					"version": "2.6.9",
					"resolved": false,
					"requires": {
						"ms": "2.0.0"
					}
				},
				"depd": {
					"version": "1.1.2",
					"resolved": false
				},
				"ee-first": {
					"version": "1.1.1",
					"resolved": false
				},
				"http-errors": {
					"version": "1.6.3",
					"resolved": false,
					"requires": {
						"depd": "~1.1.2",
						"inherits": "2.0.3",
						"setprototypeof": "1.1.0",
						"statuses": ">= 1.4.0 < 2"
					}
				},
				"iconv-lite": {
					"version": "0.4.19",
					"resolved": false
				},
				"inherits": {
					"version": "2.0.3",
					"resolved": false
				},
				"media-typer": {
					"version": "0.3.0",
					"resolved": false
				},
				"mime-db": {
					"version": "1.44.0",
					"resolved": false
				},
				"mime-types": {
					"version": "2.1.27",
					"resolved": false,
					"requires": {
						"mime-db": "1.44.0"
					}
				},
				"ms": {
					"version": "2.0.0",
					"resolved": false
				},
				"on-finished": {
					"version": "2.3.0",
					"resolved": false,
					"requires": {
						"ee-first": "1.1.1"
					}
				},
				"qs": {
					"version": "6.5.1",
					"resolved": false
				},
				"raw-body": {
					"version": "2.3.2",
					"resolved": false,
					"requires": {
						"bytes": "3.0.0",
						"http-errors": "1.6.2",
						"iconv-lite": "0.4.19",
						"unpipe": "1.0.0"
					},
					"dependencies": {
						"depd": {
							"version": "1.1.1",
							"resolved": false
						},
						"http-errors": {
							"version": "1.6.2",
							"resolved": false,
							"requires": {
								"depd": "1.1.1",
								"inherits": "2.0.3",
								"setprototypeof": "1.0.3",
								"statuses": ">= 1.3.1 < 2"
							}
						},
						"setprototypeof": {
							"version": "1.0.3",
							"resolved": false
						}
					}
				},
				"setprototypeof": {
					"version": "1.1.0",
					"resolved": false
				},
				"statuses": {
					"version": "1.5.0",
					"resolved": false
				},
				"type-is": {
					"version": "1.6.18",
					"resolved": false,
					"requires": {
						"media-typer": "0.3.0",
						"mime-types": "~2.1.24"
					}
				},
				"unpipe": {
					"version": "1.0.0",
					"resolved": false
				}
			}
		},
		"buffer-equal-constant-time": {
			"version": "1.0.1",
			"resolved": "https://registry.npmjs.org/buffer-equal-constant-time/-/buffer-equal-constant-time-1.0.1.tgz",
			"integrity": "sha512-zRpUiDwd/xk6ADqPMATG8vc9VPrkck7T07OIx0gnjmJAnHnTVXNQG3vfvWNuiZIkwu9KrKdA1iJKfsfTVxE6NA=="
		},
		"call-bind": {
			"version": "1.0.2",
			"resolved": "https://registry.npmjs.org/call-bind/-/call-bind-1.0.2.tgz",
			"integrity": "sha512-7O+FbCihrB5WGbFYesctwmTKae6rOiIzmz1icreWJ+0aA7LJfuqhEso2T9ncpcFtzMQtzXf2QGGueWJGTYsqrA==",
			"requires": {
				"function-bind": "^1.1.1",
				"get-intrinsic": "^1.0.2"
			}
		},
		"connect-ensure-login": {
			"version": "0.1.1"
		},
		"cookie-parser": {
			"version": "1.4.3",
			"requires": {
				"cookie": "0.3.1",
				"cookie-signature": "1.0.6"
			},
			"dependencies": {
				"cookie": {
					"version": "0.3.1",
					"resolved": false
				},
				"cookie-signature": {
					"version": "1.0.6",
					"resolved": false
				}
			}
		},
		"debug": {
			"version": "3.1.0",
			"resolved": "https://registry.npmjs.org/debug/-/debug-3.1.0.tgz",
			"integrity": "sha512-OX8XqP7/1a9cqkxYw2yXss15f26NKWBpDXQd0/uK/KPqdQhxbPa994hnzjcE2VqQpDslf55723cKPUOGSmMY3g==",
			"requires": {
				"ms": "2.0.0"
			}
		},
		"ecdsa-sig-formatter": {
			"version": "1.0.11",
			"resolved": "https://registry.npmjs.org/ecdsa-sig-formatter/-/ecdsa-sig-formatter-1.0.11.tgz",
			"integrity": "sha512-nagl3RYrbNv6kQkeJIpt6NJZy8twLB/2vtz6yN9Z4vRKHN4/QZJIEbqohALSgwKdnksuY3k5Addp5lg8sVoVcQ==",
			"requires": {
				"safe-buffer": "^5.0.1"
			}
		},
		"es6-promise": {
			"version": "4.2.8",
			"resolved": "https://registry.npmjs.org/es6-promise/-/es6-promise-4.2.8.tgz",
			"integrity": "sha512-HJDGx5daxeIvxdBxvG2cb9g4tEvwIk3i8+nhX0yGrYmZUzbkdg8QbDevheDB8gd0//uPj4c1EQua8Q+MViT0/w=="
		},
		"es6-promisify": {
			"version": "5.0.0",
			"resolved": "https://registry.npmjs.org/es6-promisify/-/es6-promisify-5.0.0.tgz",
			"integrity": "sha512-C+d6UdsYDk0lMebHNR4S2NybQMMngAOnOwYBQjTOiv0MkoJMP0Myw2mgpDLBcpfCmRLxyFqYhS/CfOENq4SJhQ==",
			"requires": {
				"es6-promise": "^4.0.3"
			}
		},
		"event-target-shim": {
			"version": "5.0.1",
			"resolved": "https://registry.npmjs.org/event-target-shim/-/event-target-shim-5.0.1.tgz",
			"integrity": "sha512-i/2XbnSz/uxRCU6+NdVJgKWDTM427+MqYbkQzD321DuCQJUqOuJKIA0IM2+W2xtYHdKOmZ4dR6fExsd4SXL+WQ=="
		},
		"express": {
			"version": "4.16.3",
			"requires": {
				"accepts": "~1.3.5",
				"array-flatten": "1.1.1",
				"body-parser": "1.18.2",
				"content-disposition": "0.5.2",
				"content-type": "~1.0.4",
				"cookie": "0.3.1",
				"cookie-signature": "1.0.6",
				"debug": "2.6.9",
				"depd": "~1.1.2",
				"encodeurl": "~1.0.2",
				"escape-html": "~1.0.3",
				"etag": "~1.8.1",
				"finalhandler": "1.1.1",
				"fresh": "0.5.2",
				"merge-descriptors": "1.0.1",
				"methods": "~1.1.2",
				"on-finished": "~2.3.0",
				"parseurl": "~1.3.2",
				"path-to-regexp": "0.1.7",
				"proxy-addr": "~2.0.3",
				"qs": "6.5.1",
				"range-parser": "~1.2.0",
				"safe-buffer": "5.1.1",
				"send": "0.16.2",
				"serve-static": "1.13.2",
				"setprototypeof": "1.1.0",
				"statuses": "~1.4.0",
				"type-is": "~1.6.16",
				"utils-merge": "1.0.1",
				"vary": "~1.1.2"
			},
			"dependencies": {
				"accepts": {
					"version": "1.3.7",
					"resolved": false,
					"requires": {
						"mime-types": "~2.1.24",
						"negotiator": "0.6.2"
					}
				},
				"array-flatten": {
					"version": "1.1.1",
					"resolved": false
				},
				"body-parser": {
					"version": "1.18.2",
					"resolved": false,
					"requires": {
						"bytes": "3.0.0",
						"content-type": "~1.0.4",
						"debug": "2.6.9",
						"depd": "~1.1.1",
						"http-errors": "~1.6.2",
						"iconv-lite": "0.4.19",
						"on-finished": "~2.3.0",
						"qs": "6.5.1",
						"raw-body": "2.3.2",
						"type-is": "~1.6.15"
					}
				},
				"bytes": {
					"version": "3.0.0",
					"resolved": false
				},
				"content-disposition": {
					"version": "0.5.2",
					"resolved": false
				},
				"content-type": {
					"version": "1.0.4",
					"resolved": false
				},
				"cookie": {
					"version": "0.3.1",
					"resolved": false
				},
				"cookie-signature": {
					"version": "1.0.6",
					"resolved": false
				},
				"debug": {
					"version": "2.6.9",
					"resolved": false,
					"requires": {
						"ms": "2.0.0"
					}
				},
				"depd": {
					"version": "1.1.2",
					"resolved": false
				},
				"destroy": {
					"version": "1.0.4",
					"resolved": false
				},
				"ee-first": {
					"version": "1.1.1",
					"resolved": false
				},
				"encodeurl": {
					"version": "1.0.2",
					"resolved": false
				},
				"escape-html": {
					"version": "1.0.3",
					"resolved": false
				},
				"etag": {
					"version": "1.8.1",
					"resolved": false
				},
				"finalhandler": {
					"version": "1.1.1",
					"resolved": false,
					"requires": {
						"debug": "2.6.9",
						"encodeurl": "~1.0.2",
						"escape-html": "~1.0.3",
						"on-finished": "~2.3.0",
						"parseurl": "~1.3.2",
						"statuses": "~1.4.0",
						"unpipe": "~1.0.0"
					}
				},
				"forwarded": {
					"version": "0.1.2",
					"resolved": false
				},
				"fresh": {
					"version": "0.5.2",
					"resolved": false
				},
				"http-errors": {
					"version": "1.6.3",
					"resolved": false,
					"requires": {
						"depd": "~1.1.2",
						"inherits": "2.0.3",
						"setprototypeof": "1.1.0",
						"statuses": ">= 1.4.0 < 2"
					}
				},
				"iconv-lite": {
					"version": "0.4.19",
					"resolved": false
				},
				"inherits": {
					"version": "2.0.3",
					"resolved": false
				},
				"ipaddr.js": {
					"version": "1.9.1",
					"resolved": false
				},
				"media-typer": {
					"version": "0.3.0",
					"resolved": false
				},
				"merge-descriptors": {
					"version": "1.0.1",
					"resolved": false
				},
				"methods": {
					"version": "1.1.2",
					"resolved": false
				},
				"mime": {
					"version": "1.4.1",
					"resolved": false
				},
				"mime-db": {
					"version": "1.44.0",
					"resolved": false
				},
				"mime-types": {
					"version": "2.1.27",
					"resolved": false,
					"requires": {
						"mime-db": "1.44.0"
					}
				},
				"ms": {
					"version": "2.0.0",
					"resolved": false
				},
				"negotiator": {
					"version": "0.6.2",
					"resolved": false
				},
				"on-finished": {
					"version": "2.3.0",
					"resolved": false,
					"requires": {
						"ee-first": "1.1.1"
					}
				},
				"parseurl": {
					"version": "1.3.3",
					"resolved": false
				},
				"path-to-regexp": {
					"version": "0.1.7",
					"resolved": false
				},
				"proxy-addr": {
					"version": "2.0.6",
					"resolved": false,
					"requires": {
						"forwarded": "~0.1.2",
						"ipaddr.js": "1.9.1"
					}
				},
				"qs": {
					"version": "6.5.1",
					"resolved": false
				},
				"range-parser": {
					"version": "1.2.1",
					"resolved": false
				},
				"raw-body": {
					"version": "2.3.2",
					"resolved": false,
					"requires": {
						"bytes": "3.0.0",
						"http-errors": "1.6.2",
						"iconv-lite": "0.4.19",
						"unpipe": "1.0.0"
					},
					"dependencies": {
						"depd": {
							"version": "1.1.1",
							"resolved": false
						},
						"http-errors": {
							"version": "1.6.2",
							"resolved": false,
							"requires": {
								"depd": "1.1.1",
								"inherits": "2.0.3",
								"setprototypeof": "1.0.3",
								"statuses": ">= 1.3.1 < 2"
							}
						},
						"setprototypeof": {
							"version": "1.0.3",
							"resolved": false
						}
					}
				},
				"safe-buffer": {
					"version": "5.1.1",
					"resolved": false
				},
				"send": {
					"version": "0.16.2",
					"resolved": false,
					"requires": {
						"debug": "2.6.9",
						"depd": "~1.1.2",
						"destroy": "~1.0.4",
						"encodeurl": "~1.0.2",
						"escape-html": "~1.0.3",
						"etag": "~1.8.1",
						"fresh": "0.5.2",
						"http-errors": "~1.6.2",
						"mime": "1.4.1",
						"ms": "2.0.0",
						"on-finished": "~2.3.0",
						"range-parser": "~1.2.0",
						"statuses": "~1.4.0"
					}
				},
				"serve-static": {
					"version": "1.13.2",
					"resolved": false,
					"requires": {
						"encodeurl": "~1.0.2",
						"escape-html": "~1.0.3",
						"parseurl": "~1.3.2",
						"send": "0.16.2"
					}
				},
				"setprototypeof": {
					"version": "1.1.0",
					"resolved": false
				},
				"statuses": {
					"version": "1.4.0",
					"resolved": false
				},
				"type-is": {
					"version": "1.6.18",
					"resolved": false,
					"requires": {
						"media-typer": "0.3.0",
						"mime-types": "~2.1.24"
					}
				},
				"unpipe": {
					"version": "1.0.0",
					"resolved": false
				},
				"utils-merge": {
					"version": "1.0.1",
					"resolved": false
				},
				"vary": {
					"version": "1.1.2",
					"resolved": false
				}
			}
		},
		"express-session": {
			"version": "1.15.6",
			"requires": {
				"cookie": "0.3.1",
				"cookie-signature": "1.0.6",
				"crc": "3.4.4",
				"debug": "2.6.9",
				"depd": "~1.1.1",
				"on-headers": "~1.0.1",
				"parseurl": "~1.3.2",
				"uid-safe": "~2.1.5",
				"utils-merge": "1.0.1"
			},
			"dependencies": {
				"cookie": {
					"version": "0.3.1",
					"resolved": false
				},
				"cookie-signature": {
					"version": "1.0.6",
					"resolved": false
				},
				"crc": {
					"version": "3.4.4",
					"resolved": false
				},
				"debug": {
					"version": "2.6.9",
					"resolved": false,
					"requires": {
						"ms": "2.0.0"
					}
				},
				"depd": {
					"version": "1.1.2",
					"resolved": false
				},
				"ms": {
					"version": "2.0.0",
					"resolved": false
				},
				"on-headers": {
					"version": "1.0.2",
					"resolved": false
				},
				"parseurl": {
					"version": "1.3.3",
					"resolved": false
				},
				"random-bytes": {
					"version": "1.0.0",
					"resolved": false
				},
				"uid-safe": {
					"version": "2.1.5",
					"resolved": false,
					"requires": {
						"random-bytes": "~1.0.0"
					}
				},
				"utils-merge": {
					"version": "1.0.1",
					"resolved": false
				}
			}
		},
		"extend": {
			"version": "3.0.2",
			"resolved": "https://registry.npmjs.org/extend/-/extend-3.0.2.tgz",
			"integrity": "sha512-fjquC59cD7CyW6urNXK0FBufkZcoiGG80wTuPujX590cB5Ttln20E2UB4S/WARVqhXffZl2LNgS+gQdPIIim/g=="
		},
		"follow-redirects": {
			"version": "1.5.10",
			"resolved": "https://registry.npmjs.org/follow-redirects/-/follow-redirects-1.5.10.tgz",
			"integrity": "sha512-0V5l4Cizzvqt5D44aTXbFZz+FtyXV1vrDN6qrelxtfYQKW0KO0W2T/hkE8xvGa/540LkZlkaUjO4ailYTFtHVQ==",
			"requires": {
				"debug": "=3.1.0"
			}
		},
		"function-bind": {
			"version": "1.1.1",
			"resolved": "https://registry.npmjs.org/function-bind/-/function-bind-1.1.1.tgz",
			"integrity": "sha512-yIovAzMX49sF8Yl58fSCWJ5svSLuaibPxXQJFLmBObTuCr0Mf1KiPopGM9NiFjiYBCbfaa2Fh6breQ6ANVTI0A=="
		},
		"gaxios": {
			"version": "1.8.4",
			"resolved": "https://registry.npmjs.org/gaxios/-/gaxios-1.8.4.tgz",
			"integrity": "sha512-BoENMnu1Gav18HcpV9IleMPZ9exM+AvUjrAOV4Mzs/vfz2Lu/ABv451iEXByKiMPn2M140uul1txXCg83sAENw==",
			"requires": {
				"abort-controller": "^3.0.0",
				"extend": "^3.0.2",
				"https-proxy-agent": "^2.2.1",
				"node-fetch": "^2.3.0"
			}
		},
		"gcp-metadata": {
			"version": "0.6.3",
			"resolved": "https://registry.npmjs.org/gcp-metadata/-/gcp-metadata-0.6.3.tgz",
			"integrity": "sha512-MSmczZctbz91AxCvqp9GHBoZOSbJKAICV7Ow/AIWSJZRrRchUd5NL1b2P4OfP+4m490BEUPhhARfpHdqCxuCvg==",
			"requires": {
				"axios": "^0.18.0",
				"extend": "^3.0.1",
				"retry-axios": "0.3.2"
			}
		},
		"get-intrinsic": {
			"version": "1.2.0",
			"resolved": "https://registry.npmjs.org/get-intrinsic/-/get-intrinsic-1.2.0.tgz",
			"integrity": "sha512-L049y6nFOuom5wGyRc3/gdTLO94dySVKRACj1RmJZBQXlbTMhtNIgkWkUHq+jYmZvKf14EW1EoJnnjbmoHij0Q==",
			"requires": {
				"function-bind": "^1.1.1",
				"has": "^1.0.3",
				"has-symbols": "^1.0.3"
			}
		},
		"google-auth-library": {
			"version": "1.6.1",
			"resolved": "https://registry.npmjs.org/google-auth-library/-/google-auth-library-1.6.1.tgz",
			"integrity": "sha512-jYiWC8NA9n9OtQM7ANn0Tk464do9yhKEtaJ72pKcaBiEwn4LwcGYIYOfwtfsSm3aur/ed3tlSxbmg24IAT6gAg==",
			"requires": {
				"axios": "^0.18.0",
				"gcp-metadata": "^0.6.3",
				"gtoken": "^2.3.0",
				"jws": "^3.1.5",
				"lodash.isstring": "^4.0.1",
				"lru-cache": "^4.1.3",
				"retry-axios": "^0.3.2"
			}
		},
		"google-p12-pem": {
			"version": "1.0.5",
			"resolved": "https://registry.npmjs.org/google-p12-pem/-/google-p12-pem-1.0.5.tgz",
			"integrity": "sha512-50rTrqYPTPPwlu9TNl/HkJbBENEpbRzTOVLFJ4YWM86njZgXHFy+FP+tLRSd9m132Li9Dqi27Z3KIWDEv5y+EA==",
			"requires": {
				"node-forge": "^0.10.0",
				"pify": "^4.0.0"
			}
		},
		"googleapis": {
			"version": "25.0.0",
			"resolved": "https://registry.npmjs.org/googleapis/-/googleapis-25.0.0.tgz",
			"integrity": "sha512-hIP2VbwFliL7YHZQRaJrw5+ctunALJUior4KEw0vCYlcDezPnEA+HhTY2oq4I3PCHBKxKwc9xfV37Kkz6e/krw==",
			"requires": {
				"async": "2.6.0",
				"google-auth-library": "^1.0.0",
				"qs": "^6.5.1",
				"string-template": "1.0.0",
				"uuid": "^3.1.0"
			}
		},
		"gtoken": {
			"version": "2.3.3",
			"resolved": "https://registry.npmjs.org/gtoken/-/gtoken-2.3.3.tgz",
			"integrity": "sha512-EaB49bu/TCoNeQjhCYKI/CurooBKkGxIqFHsWABW0b25fobBYVTMe84A8EBVVZhl8emiUdNypil9huMOTmyAnw==",
			"requires": {
				"gaxios": "^1.0.4",
				"google-p12-pem": "^1.0.0",
				"jws": "^3.1.5",
				"mime": "^2.2.0",
				"pify": "^4.0.0"
			}
		},
		"has": {
			"version": "1.0.3",
			"resolved": "https://registry.npmjs.org/has/-/has-1.0.3.tgz",
			"integrity": "sha512-f2dvO0VU6Oej7RkWJGrehjbzMAjFp5/VKPp5tTpWIV4JHHZK1/BxbFRtf/siA2SWTe09caDmVtYYzWEIbBS4zw==",
			"requires": {
				"function-bind": "^1.1.1"
			}
		},
		"has-symbols": {
			"version": "1.0.3",
			"resolved": "https://registry.npmjs.org/has-symbols/-/has-symbols-1.0.3.tgz",
			"integrity": "sha512-l3LCuF6MgDNwTDKkdYGEihYjt5pRPbEg46rtlmnSPlUbgmB8LOIrKJbYYFBSbnPaJexMKtiPO8hmeRjRz2Td+A=="
		},
		"https-proxy-agent": {
			"version": "2.2.4",
			"resolved": "https://registry.npmjs.org/https-proxy-agent/-/https-proxy-agent-2.2.4.tgz",
			"integrity": "sha512-OmvfoQ53WLjtA9HeYP9RNrWMJzzAz1JGaSFr1nijg0PVR1JaD/xbJq1mdEIIlxGpXp9eSe/O2LgU9DJmTPd0Eg==",
			"requires": {
				"agent-base": "^4.3.0",
				"debug": "^3.1.0"
			}
		},
		"is-buffer": {
			"version": "2.0.5",
			"resolved": "https://registry.npmjs.org/is-buffer/-/is-buffer-2.0.5.tgz",
			"integrity": "sha512-i2R6zNFDwgEHJyQUtJEk0XFi1i0dPFn/oqjK3/vPCcDeJvW5NQ83V8QbicfF1SupOaB0h8ntgBC2YiE7dfyctQ=="
		},
		"jwa": {
			"version": "1.4.1",
			"resolved": "https://registry.npmjs.org/jwa/-/jwa-1.4.1.tgz",
			"integrity": "sha512-qiLX/xhEEFKUAJ6FiBMbes3w9ATzyk5W7Hvzpa/SLYdxNtng+gcurvrI7TbACjIXlsJyr05/S1oUhZrc63evQA==",
			"requires": {
				"buffer-equal-constant-time": "1.0.1",
				"ecdsa-sig-formatter": "1.0.11",
				"safe-buffer": "^5.0.1"
			}
		},
		"jws": {
			"version": "3.2.2",
			"resolved": "https://registry.npmjs.org/jws/-/jws-3.2.2.tgz",
			"integrity": "sha512-YHlZCB6lMTllWDtSPHz/ZXTsi8S00usEV6v1tjq8tOUZzw7DpSDWVXjXDre6ed1w/pd495ODpHZYSdkRTsa0HA==",
			"requires": {
				"jwa": "^1.4.1",
				"safe-buffer": "^5.0.1"
			}
		},
		"lodash": {
			"version": "4.17.21",
			"resolved": "https://registry.npmjs.org/lodash/-/lodash-4.17.21.tgz",
			"integrity": "sha512-v2kDEe57lecTulaDIuNTPy3Ry4gLGJ6Z1O3vE1krgXZNrsQ+LFTGHVxVjcXPs17LhbZVGedAJv8XZ1tvj5FvSg=="
		},
		"lodash.isstring": {
			"version": "4.0.1",
			"resolved": "https://registry.npmjs.org/lodash.isstring/-/lodash.isstring-4.0.1.tgz",
			"integrity": "sha512-0wJxfxH1wgO3GrbuP+dTTk7op+6L41QCXbGINEmD+ny/G/eCqGzxyCsh7159S+mgDDcoarnBw6PC1PS5+wUGgw=="
		},
		"lru-cache": {
			"version": "4.1.5",
			"resolved": "https://registry.npmjs.org/lru-cache/-/lru-cache-4.1.5.tgz",
			"integrity": "sha512-sWZlbEP2OsHNkXrMl5GYk/jKk70MBng6UU4YI/qGDYbgf6YbP4EvmqISbXCoJiRKs+1bSpFHVgQxvJ17F2li5g==",
			"requires": {
				"pseudomap": "^1.0.2",
				"yallist": "^2.1.2"
			}
		},
		"mime": {
			"version": "2.6.0",
			"resolved": "https://registry.npmjs.org/mime/-/mime-2.6.0.tgz",
			"integrity": "sha512-USPkMeET31rOMiarsBNIHZKLGgvKc/LrjofAnBlOttf5ajRvqiRA8QsenbcooctK6d6Ts6aqZXBA+XbkKthiQg=="
		},
		"ms": {
			"version": "2.0.0",
			"resolved": "https://registry.npmjs.org/ms/-/ms-2.0.0.tgz",
			"integrity": "sha512-Tpp60P6IUJDTuOq/5Z8cdskzJujfwqfOTkrwIwj7IRISpnkJnT6SyJ4PCPnGMoFjC9ddhal5KVIYtAt97ix05A=="
		},
		"node-fetch": {
			"version": "2.6.9",
			"resolved": "https://registry.npmjs.org/node-fetch/-/node-fetch-2.6.9.tgz",
			"integrity": "sha512-DJm/CJkZkRjKKj4Zi4BsKVZh3ValV5IR5s7LVZnW+6YMh0W1BfNA8XSs6DLMGYlId5F3KnA70uu2qepcR08Qqg==",
			"requires": {
				"whatwg-url": "^5.0.0"
			}
		},
		"node-forge": {
			"version": "0.10.0",
			"resolved": "https://registry.npmjs.org/node-forge/-/node-forge-0.10.0.tgz",
			"integrity": "sha512-PPmu8eEeG9saEUvI97fm4OYxXVB6bFvyNTyiUOBichBpFG8A1Ljw3bY62+5oOjDEMHRnd0Y7HQ+x7uzxOzC6JA=="
		},
		"object-inspect": {
			"version": "1.12.3",
			"resolved": "https://registry.npmjs.org/object-inspect/-/object-inspect-1.12.3.tgz",
			"integrity": "sha512-geUvdk7c+eizMNUDkRpW1wJwgfOiOeHbxBR/hLXK1aT6zmVSO0jsQcs7fj6MGw89jC/cjGfLcNOrtMYtGqm81g=="
		},
		"pify": {
			"version": "4.0.1",
			"resolved": "https://registry.npmjs.org/pify/-/pify-4.0.1.tgz",
			"integrity": "sha512-uB80kBFb/tfd68bVleG9T5GGsGPjJrLAUpR5PZIrhBnIaRTQRjqdJSsIKkOP6OAIFbj7GOrcudc5pNjZ+geV2g=="
		},
		"pseudomap": {
			"version": "1.0.2",
			"resolved": "https://registry.npmjs.org/pseudomap/-/pseudomap-1.0.2.tgz",
			"integrity": "sha512-b/YwNhb8lk1Zz2+bXXpS/LK9OisiZZ1SNsSLxN1x2OXVEhW2Ckr/7mWE5vrC1ZTiJlD9g19jWszTmJsB+oEpFQ=="
		},
		"qs": {
			"version": "6.11.0",
			"resolved": "https://registry.npmjs.org/qs/-/qs-6.11.0.tgz",
			"integrity": "sha512-MvjoMCJwEarSbUYk5O+nmoSzSutSsTwF85zcHPQ9OrlFoZOYIjaqBAJIqIXjptyD5vThxGq52Xu/MaJzRkIk4Q==",
			"requires": {
				"side-channel": "^1.0.4"
			}
		},
		"retry-axios": {
			"version": "0.3.2",
			"resolved": "https://registry.npmjs.org/retry-axios/-/retry-axios-0.3.2.tgz",
			"integrity": "sha512-jp4YlI0qyDFfXiXGhkCOliBN1G7fRH03Nqy8YdShzGqbY5/9S2x/IR6C88ls2DFkbWuL3ASkP7QD3pVrNpPgwQ=="
		},
		"safe-buffer": {
			"version": "5.2.1",
			"resolved": "https://registry.npmjs.org/safe-buffer/-/safe-buffer-5.2.1.tgz",
			"integrity": "sha512-rp3So07KcdmmKbGvgaNxQSJr7bGVSVk5S9Eq1F+ppbRo70+YeaDxkw5Dd8NPN+GD6bjnYm2VuPuCXmpuYvmCXQ=="
		},
		"side-channel": {
			"version": "1.0.4",
			"resolved": "https://registry.npmjs.org/side-channel/-/side-channel-1.0.4.tgz",
			"integrity": "sha512-q5XPytqFEIKHkGdiMIrY10mvLRvnQh42/+GoBlFW3b2LXLE2xxJpZFdm94we0BaoV3RwJyGqg5wS7epxTv0Zvw==",
			"requires": {
				"call-bind": "^1.0.0",
				"get-intrinsic": "^1.0.2",
				"object-inspect": "^1.9.0"
			}
		},
		"string-template": {
			"version": "1.0.0",
			"resolved": "https://registry.npmjs.org/string-template/-/string-template-1.0.0.tgz",
			"integrity": "sha512-SLqR3GBUXuoPP5MmYtD7ompvXiG87QjT6lzOszyXjTM86Uu7At7vNnt2xgyTLq5o9T4IxTYFyGxcULqpsmsfdg=="
		},
		"tr46": {
			"version": "0.0.3",
			"resolved": "https://registry.npmjs.org/tr46/-/tr46-0.0.3.tgz",
			"integrity": "sha512-N3WMsuqV66lT30CrXNbEjx4GEwlow3v6rr4mCcv6prnfwhS01rkgyFdjPNBYd9br7LpXV1+Emh01fHnq2Gdgrw=="
		},
		"uuid": {
			"version": "3.4.0",
			"resolved": "https://registry.npmjs.org/uuid/-/uuid-3.4.0.tgz",
			"integrity": "sha512-HjSDRw6gZE5JMggctHBcjVak08+KEVhSIiDzFnT9S9aegmp85S/bReBVTb4QTFaRNptJ9kuYaNhnbNEOkbKb/A=="
		},
		"webidl-conversions": {
			"version": "3.0.1",
			"resolved": "https://registry.npmjs.org/webidl-conversions/-/webidl-conversions-3.0.1.tgz",
			"integrity": "sha512-2JAn3z8AR6rjK8Sm8orRC0h/bcl/DqL7tRPdGZ4I1CjdF+EaMLmYxBHyXuKL849eucPFhvBoxMsflfOb8kxaeQ=="
		},
		"whatwg-url": {
			"version": "5.0.0",
			"resolved": "https://registry.npmjs.org/whatwg-url/-/whatwg-url-5.0.0.tgz",
			"integrity": "sha512-saE57nupxk6v3HY35+jzBwYa0rKSy0XR8JSxZPwgLr7ys0IBzhGviA1/TUGJLmSVqs8pb9AnvICXEuOHLprYTw==",
			"requires": {
				"tr46": "~0.0.3",
				"webidl-conversions": "^3.0.0"
			}
		},
		"yallist": {
			"version": "2.1.2",
			"resolved": "https://registry.npmjs.org/yallist/-/yallist-2.1.2.tgz",
			"integrity": "sha512-ncTzHV7NvsQZkYe1DW7cbDLm0YpzHmZF5r/iyP3ZnQtMiJ+pjzisCiMNI+Sj+xQF5pXhSHxSB3uDbsBTzY/c2A=="
		}
	}
}
